// !$*UTF8*$!
{
	archiveVersion = 1;
	classes = {
	};
	objectVersion = 48;
	objects = {

/* Begin PBXBuildFile section */
		7AC4A7661FC097C200093553 /* ImagesViewController.swift in Sources */ = {isa = PBXBuildFile; fileRef = 7AC4A7651FC097C200093553 /* ImagesViewController.swift */; };
		7AFF351E1FBFC62B00B9AB1C /* AppDelegate.swift in Sources */ = {isa = PBXBuildFile; fileRef = 7AFF351D1FBFC62B00B9AB1C /* AppDelegate.swift */; };
		7AFF35231FBFC62B00B9AB1C /* Main.storyboard in Resources */ = {isa = PBXBuildFile; fileRef = 7AFF35211FBFC62B00B9AB1C /* Main.storyboard */; };
		7AFF35251FBFC62B00B9AB1C /* Assets.xcassets in Resources */ = {isa = PBXBuildFile; fileRef = 7AFF35241FBFC62B00B9AB1C /* Assets.xcassets */; };
		7AFF35281FBFC62B00B9AB1C /* LaunchScreen.storyboard in Resources */ = {isa = PBXBuildFile; fileRef = 7AFF35261FBFC62B00B9AB1C /* LaunchScreen.storyboard */; };
		7AFF35301FBFC65F00B9AB1C /* MainTableViewController.swift in Sources */ = {isa = PBXBuildFile; fileRef = 7AFF352F1FBFC65F00B9AB1C /* MainTableViewController.swift */; };
		7AFF35321FBFCDA800B9AB1C /* ButtonsTableViewController.swift in Sources */ = {isa = PBXBuildFile; fileRef = 7AFF35311FBFCDA800B9AB1C /* ButtonsTableViewController.swift */; };
		7AFF35341FBFD2B800B9AB1C /* Text FieldsViewController.swift in Sources */ = {isa = PBXBuildFile; fileRef = 7AFF35331FBFD2B800B9AB1C /* Text FieldsViewController.swift */; };
/* End PBXBuildFile section */

/* Begin PBXFileReference section */
		7AC4A7651FC097C200093553 /* ImagesViewController.swift */ = {isa = PBXFileReference; lastKnownFileType = sourcecode.swift; path = ImagesViewController.swift; sourceTree = "<group>"; };
		7AFF351A1FBFC62B00B9AB1C /* UIElements.app */ = {isa = PBXFileReference; explicitFileType = wrapper.application; includeInIndex = 0; path = UIElements.app; sourceTree = BUILT_PRODUCTS_DIR; };
		7AFF351D1FBFC62B00B9AB1C /* AppDelegate.swift */ = {isa = PBXFileReference; lastKnownFileType = sourcecode.swift; path = AppDelegate.swift; sourceTree = "<group>"; };
		7AFF35221FBFC62B00B9AB1C /* Base */ = {isa = PBXFileReference; lastKnownFileType = file.storyboard; name = Base; path = Base.lproj/Main.storyboard; sourceTree = "<group>"; };
		7AFF35241FBFC62B00B9AB1C /* Assets.xcassets */ = {isa = PBXFileReference; lastKnownFileType = folder.assetcatalog; path = Assets.xcassets; sourceTree = "<group>"; };
		7AFF35271FBFC62B00B9AB1C /* Base */ = {isa = PBXFileReference; lastKnownFileType = file.storyboard; name = Base; path = Base.lproj/LaunchScreen.storyboard; sourceTree = "<group>"; };
		7AFF35291FBFC62B00B9AB1C /* Info.plist */ = {isa = PBXFileReference; lastKnownFileType = text.plist.xml; path = Info.plist; sourceTree = "<group>"; };
		7AFF352F1FBFC65F00B9AB1C /* MainTableViewController.swift */ = {isa = PBXFileReference; lastKnownFileType = sourcecode.swift; path = MainTableViewController.swift; sourceTree = "<group>"; };
		7AFF35311FBFCDA800B9AB1C /* ButtonsTableViewController.swift */ = {isa = PBXFileReference; lastKnownFileType = sourcecode.swift; path = ButtonsTableViewController.swift; sourceTree = "<group>"; };
		7AFF35331FBFD2B800B9AB1C /* Text FieldsViewController.swift */ = {isa = PBXFileReference; lastKnownFileType = sourcecode.swift; path = "Text FieldsViewController.swift"; sourceTree = "<group>"; };
/* End PBXFileReference section */

/* Begin PBXFrameworksBuildPhase section */
		7AFF35171FBFC62B00B9AB1C /* Frameworks */ = {
			isa = PBXFrameworksBuildPhase;
			buildActionMask = 2147483647;
			files = (
			);
			runOnlyForDeploymentPostprocessing = 0;
		};
/* End PBXFrameworksBuildPhase section */

/* Begin PBXGroup section */
		7AFF35111FBFC62A00B9AB1C = {
			isa = PBXGroup;
			children = (
				7AFF351C1FBFC62B00B9AB1C /* UIElements */,
				7AFF351B1FBFC62B00B9AB1C /* Products */,
			);
			sourceTree = "<group>";
		};
		7AFF351B1FBFC62B00B9AB1C /* Products */ = {
			isa = PBXGroup;
			children = (
				7AFF351A1FBFC62B00B9AB1C /* UIElements.app */,
			);
			name = Products;
			sourceTree = "<group>";
		};
		7AFF351C1FBFC62B00B9AB1C /* UIElements */ = {
			isa = PBXGroup;
			children = (
				7AFF351D1FBFC62B00B9AB1C /* AppDelegate.swift */,
				7AFF35351FBFD36200B9AB1C /* Controllers */,
				7AFF35361FBFD36F00B9AB1C /* Views */,
				7AFF35241FBFC62B00B9AB1C /* Assets.xcassets */,
				7AFF35291FBFC62B00B9AB1C /* Info.plist */,
			);
			path = UIElements;
			sourceTree = "<group>";
		};
		7AFF35351FBFD36200B9AB1C /* Controllers */ = {
			isa = PBXGroup;
			children = (
				7AFF352F1FBFC65F00B9AB1C /* MainTableViewController.swift */,
				7AFF35311FBFCDA800B9AB1C /* ButtonsTableViewController.swift */,
				7AFF35331FBFD2B800B9AB1C /* Text FieldsViewController.swift */,
				7AC4A7651FC097C200093553 /* ImagesViewController.swift */,
			);
			path = Controllers;
			sourceTree = "<group>";
		};
		7AFF35361FBFD36F00B9AB1C /* Views */ = {
			isa = PBXGroup;
			children = (
				7AFF35211FBFC62B00B9AB1C /* Main.storyboard */,
				7AFF35261FBFC62B00B9AB1C /* LaunchScreen.storyboard */,
			);
			path = Views;
			sourceTree = "<group>";
		};
/* End PBXGroup section */

/* Begin PBXNativeTarget section */
		7AFF35191FBFC62B00B9AB1C /* UIElements */ = {
			isa = PBXNativeTarget;
			buildConfigurationList = 7AFF352C1FBFC62B00B9AB1C /* Build configuration list for PBXNativeTarget "UIElements" */;
			buildPhases = (
				7AFF35161FBFC62B00B9AB1C /* Sources */,
				7AFF35171FBFC62B00B9AB1C /* Frameworks */,
				7AFF35181FBFC62B00B9AB1C /* Resources */,
			);
			buildRules = (
			);
			dependencies = (
			);
			name = UIElements;
			productName = UIElements;
			productReference = 7AFF351A1FBFC62B00B9AB1C /* UIElements.app */;
			productType = "com.apple.product-type.application";
		};
/* End PBXNativeTarget section */

/* Begin PBXProject section */
		7AFF35121FBFC62B00B9AB1C /* Project object */ = {
			isa = PBXProject;
			attributes = {
				LastSwiftUpdateCheck = 0910;
				LastUpgradeCheck = 0910;
				ORGANIZATIONNAME = "Efrain Ayllon";
				TargetAttributes = {
					7AFF35191FBFC62B00B9AB1C = {
						CreatedOnToolsVersion = 9.1;
						ProvisioningStyle = Automatic;
					};
				};
			};
			buildConfigurationList = 7AFF35151FBFC62B00B9AB1C /* Build configuration list for PBXProject "UIElements" */;
			compatibilityVersion = "Xcode 8.0";
			developmentRegion = en;
			hasScannedForEncodings = 0;
			knownRegions = (
				en,
				Base,
			);
			mainGroup = 7AFF35111FBFC62A00B9AB1C;
			productRefGroup = 7AFF351B1FBFC62B00B9AB1C /* Products */;
			projectDirPath = "";
			projectRoot = "";
			targets = (
				7AFF35191FBFC62B00B9AB1C /* UIElements */,
			);
		};
/* End PBXProject section */

/* Begin PBXResourcesBuildPhase section */
		7AFF35181FBFC62B00B9AB1C /* Resources */ = {
			isa = PBXResourcesBuildPhase;
			buildActionMask = 2147483647;
			files = (
				7AFF35281FBFC62B00B9AB1C /* LaunchScreen.storyboard in Resources */,
				7AFF35251FBFC62B00B9AB1C /* Assets.xcassets in Resources */,
				7AFF35231FBFC62B00B9AB1C /* Main.storyboard in Resources */,
			);
			runOnlyForDeploymentPostprocessing = 0;
		};
/* End PBXResourcesBuildPhase section */

/* Begin PBXSourcesBuildPhase section */
		7AFF35161FBFC62B00B9AB1C /* Sources */ = {
			isa = PBXSourcesBuildPhase;
			buildActionMask = 2147483647;
			files = (
				7AC4A7661FC097C200093553 /* ImagesViewController.swift in Sources */,
				7AFF35321FBFCDA800B9AB1C /* ButtonsTableViewController.swift in Sources */,
				7AFF35341FBFD2B800B9AB1C /* Text FieldsViewController.swift in Sources */,
				7AFF35301FBFC65F00B9AB1C /* MainTableViewController.swift in Sources */,
				7AFF351E1FBFC62B00B9AB1C /* AppDelegate.swift in Sources */,
			);
			runOnlyForDeploymentPostprocessing = 0;
		};
/* End PBXSourcesBuildPhase section */

/* Begin PBXVariantGroup section */
		7AFF35211FBFC62B00B9AB1C /* Main.storyboard */ = {
			isa = PBXVariantGroup;
			children = (
				7AFF35221FBFC62B00B9AB1C /* Base */,
			);
			name = Main.storyboard;
			sourceTree = "<group>";
		};
		7AFF35261FBFC62B00B9AB1C /* LaunchScreen.storyboard */ = {
			isa = PBXVariantGroup;
			children = (
				7AFF35271FBFC62B00B9AB1C /* Base */,
			);
			name = LaunchScreen.storyboard;
			sourceTree = "<group>";
		};
/* End PBXVariantGroup section */

/* Begin XCBuildConfiguration section */
		7AFF352A1FBFC62B00B9AB1C /* Debug */ = {
			isa = XCBuildConfiguration;
			buildSettings = {
				ALWAYS_SEARCH_USER_PATHS = NO;
				CLANG_ANALYZER_NONNULL = YES;
				CLANG_ANALYZER_NUMBER_OBJECT_CONVERSION = YES_AGGRESSIVE;
				CLANG_CXX_LANGUAGE_STANDARD = "gnu++14";
				CLANG_CXX_LIBRARY = "libc++";
				CLANG_ENABLE_MODULES = YES;
				CLANG_ENABLE_OBJC_ARC = YES;
				CLANG_WARN_BLOCK_CAPTURE_AUTORELEASING = YES;
				CLANG_WARN_BOOL_CONVERSION = YES;
				CLANG_WARN_COMMA = YES;
				CLANG_WARN_CONSTANT_CONVERSION = YES;
				CLANG_WARN_DIRECT_OBJC_ISA_USAGE = YES_ERROR;
				CLANG_WARN_DOCUMENTATION_COMMENTS = YES;
				CLANG_WARN_EMPTY_BODY = YES;
				CLANG_WARN_ENUM_CONVERSION = YES;
				CLANG_WARN_INFINITE_RECURSION = YES;
				CLANG_WARN_INT_CONVERSION = YES;
				CLANG_WARN_NON_LITERAL_NULL_CONVERSION = YES;
				CLANG_WARN_OBJC_LITERAL_CONVERSION = YES;
				CLANG_WARN_OBJC_ROOT_CLASS = YES_ERROR;
				CLANG_WARN_RANGE_LOOP_ANALYSIS = YES;
				CLANG_WARN_STRICT_PROTOTYPES = YES;
				CLANG_WARN_SUSPICIOUS_MOVE = YES;
				CLANG_WARN_UNGUARDED_AVAILABILITY = YES_AGGRESSIVE;
				CLANG_WARN_UNREACHABLE_CODE = YES;
				CLANG_WARN__DUPLICATE_METHOD_MATCH = YES;
				CODE_SIGN_IDENTITY = "iPhone Developer";
				COPY_PHASE_STRIP = NO;
				DEBUG_INFORMATION_FORMAT = dwarf;
				ENABLE_STRICT_OBJC_MSGSEND = YES;
				ENABLE_TESTABILITY = YES;
				GCC_C_LANGUAGE_STANDARD = gnu11;
				GCC_DYNAMIC_NO_PIC = NO;
				GCC_NO_COMMON_BLOCKS = YES;
				GCC_OPTIMIZATION_LEVEL = 0;
				GCC_PREPROCESSOR_DEFINITIONS = (
					"DEBUG=1",
					"$(inherited)",
				);
				GCC_WARN_64_TO_32_BIT_CONVERSION = YES;
				GCC_WARN_ABOUT_RETURN_TYPE = YES_ERROR;
				GCC_WARN_UNDECLARED_SELECTOR = YES;
				GCC_WARN_UNINITIALIZED_AUTOS = YES_AGGRESSIVE;
				GCC_WARN_UNUSED_FUNCTION = YES;
				GCC_WARN_UNUSED_VARIABLE = YES;
				IPHONEOS_DEPLOYMENT_TARGET = 11.1;
				MTL_ENABLE_DEBUG_INFO = YES;
				ONLY_ACTIVE_ARCH = YES;
				SDKROOT = iphoneos;
				SWIFT_ACTIVE_COMPILATION_CONDITIONS = DEBUG;
				SWIFT_OPTIMIZATION_LEVEL = "-Onone";
			};
			name = Debug;
		};
		7AFF352B1FBFC62B00B9AB1C /* Release */ = {
			isa = XCBuildConfiguration;
			buildSettings = {
				ALWAYS_SEARCH_USER_PATHS = NO;
				CLANG_ANALYZER_NONNULL = YES;
				CLANG_ANALYZER_NUMBER_OBJECT_CONVERSION = YES_AGGRESSIVE;
				CLANG_CXX_LANGUAGE_STANDARD = "gnu++14";
				CLANG_CXX_LIBRARY = "libc++";
				CLANG_ENABLE_MODULES = YES;
				CLANG_ENABLE_OBJC_ARC = YES;
				CLANG_WARN_BLOCK_CAPTURE_AUTORELEASING = YES;
				CLANG_WARN_BOOL_CONVERSION = YES;
				CLANG_WARN_COMMA = YES;
				CLANG_WARN_CONSTANT_CONVERSION = YES;
				CLANG_WARN_DIRECT_OBJC_ISA_USAGE = YES_ERROR;
				CLANG_WARN_DOCUMENTATION_COMMENTS = YES;
				CLANG_WARN_EMPTY_BODY = YES;
				CLANG_WARN_ENUM_CONVERSION = YES;
				CLANG_WARN_INFINITE_RECURSION = YES;
				CLANG_WARN_INT_CONVERSION = YES;
				CLANG_WARN_NON_LITERAL_NULL_CONVERSION = YES;
				CLANG_WARN_OBJC_LITERAL_CONVERSION = YES;
				CLANG_WARN_OBJC_ROOT_CLASS = YES_ERROR;
				CLANG_WARN_RANGE_LOOP_ANALYSIS = YES;
				CLANG_WARN_STRICT_PROTOTYPES = YES;
				CLANG_WARN_SUSPICIOUS_MOVE = YES;
				CLANG_WARN_UNGUARDED_AVAILABILITY = YES_AGGRESSIVE;
				CLANG_WARN_UNREACHABLE_CODE = YES;
				CLANG_WARN__DUPLICATE_METHOD_MATCH = YES;
				CODE_SIGN_IDENTITY = "iPhone Developer";
				COPY_PHASE_STRIP = NO;
				DEBUG_INFORMATION_FORMAT = "dwarf-with-dsym";
				ENABLE_NS_ASSERTIONS = NO;
				ENABLE_STRICT_OBJC_MSGSEND = YES;
				GCC_C_LANGUAGE_STANDARD = gnu11;
				GCC_NO_COMMON_BLOCKS = YES;
				GCC_WARN_64_TO_32_BIT_CONVERSION = YES;
				GCC_WARN_ABOUT_RETURN_TYPE = YES_ERROR;
				GCC_WARN_UNDECLARED_SELECTOR = YES;
				GCC_WARN_UNINITIALIZED_AUTOS = YES_AGGRESSIVE;
				GCC_WARN_UNUSED_FUNCTION = YES;
				GCC_WARN_UNUSED_VARIABLE = YES;
				IPHONEOS_DEPLOYMENT_TARGET = 11.1;
				MTL_ENABLE_DEBUG_INFO = NO;
				SDKROOT = iphoneos;
				SWIFT_OPTIMIZATION_LEVEL = "-Owholemodule";
				VALIDATE_PRODUCT = YES;
			};
			name = Release;
		};
		7AFF352D1FBFC62B00B9AB1C /* Debug */ = {
			isa = XCBuildConfiguration;
			buildSettings = {
				ASSETCATALOG_COMPILER_APPICON_NAME = AppIcon;
				CODE_SIGN_STYLE = Automatic;
				DEVELOPMENT_TEAM = 3V8KXS5ZB4;
				INFOPLIST_FILE = UIElements/Info.plist;
				LD_RUNPATH_SEARCH_PATHS = "$(inherited) @executable_path/Frameworks";
				PRODUCT_BUNDLE_IDENTIFIER = com.earoa.UIElements;
				PRODUCT_NAME = "$(TARGET_NAME)";
				SWIFT_VERSION = 4.0;
				TARGETED_DEVICE_FAMILY = "1,2";
			};
			name = Debug;
		};
		7AFF352E1FBFC62B00B9AB1C /* Release */ = {
			isa = XCBuildConfiguration;
			buildSettings = {
				ASSETCATALOG_COMPILER_APPICON_NAME = AppIcon;
				CODE_SIGN_STYLE = Automatic;
				DEVELOPMENT_TEAM = 3V8KXS5ZB4;
				INFOPLIST_FILE = UIElements/Info.plist;
				LD_RUNPATH_SEARCH_PATHS = "$(inherited) @executable_path/Frameworks";
				PRODUCT_BUNDLE_IDENTIFIER = com.earoa.UIElements;
				PRODUCT_NAME = "$(TARGET_NAME)";
				SWIFT_VERSION = 4.0;
				TARGETED_DEVICE_FAMILY = "1,2";
			};
			name = Release;
		};
/* End XCBuildConfiguration section */

/* Begin XCConfigurationList section */
		7AFF35151FBFC62B00B9AB1C /* Build configuration list for PBXProject "UIElements" */ = {
			isa = XCConfigurationList;
			buildConfigurations = (
				7AFF352A1FBFC62B00B9AB1C /* Debug */,
				7AFF352B1FBFC62B00B9AB1C /* Release */,
			);
			defaultConfigurationIsVisible = 0;
			defaultConfigurationName = Release;
		};
		7AFF352C1FBFC62B00B9AB1C /* Build configuration list for PBXNativeTarget "UIElements" */ = {
			isa = XCConfigurationList;
			buildConfigurations = (
				7AFF352D1FBFC62B00B9AB1C /* Debug */,
				7AFF352E1FBFC62B00B9AB1C /* Release */,
			);
			defaultConfigurationIsVisible = 0;
			defaultConfigurationName = Release;
		};
/* End XCConfigurationList section */
	};
	rootObject = 7AFF35121FBFC62B00B9AB1C /* Project object */;
}
